
Microsoft Visual Studio Solution File, Format Version 12.00
# Visual Studio Version 16
VisualStudioVersion = 16.0.31624.102
MinimumVisualStudioVersion = 10.0.40219.1
Project("{FAE04EC0-301F-11D3-BF4B-00C04F79EFBC}") = "PizzaWinForm", "PizzaWinForm\PizzaWinForm.csproj", "{898FF303-E18F-459E-B802-D91DB1162B26}"
EndProject
Global
	GlobalSection(SolutionConfigurationPlatforms) = preSolution
		Debug|Any CPU = Debug|Any CPU
		Release|Any CPU = Release|Any CPU
	EndGlobalSection
	GlobalSection(ProjectConfigurationPlatforms) = postSolution
		{898FF303-E18F-459E-B802-D91DB1162B26}.Debug|Any CPU.ActiveCfg = Debug|Any CPU
		{898FF303-E18F-459E-B802-D91DB1162B26}.Debug|Any CPU.Build.0 = Debug|Any CPU
		{898FF303-E18F-459E-B802-D91DB1162B26}.Release|Any CPU.ActiveCfg = Release|Any CPU
		{898FF303-E18F-459E-B802-D91DB1162B26}.Release|Any CPU.Build.0 = Release|Any CPU
	EndGlobalSection
	GlobalSection(SolutionProperties) = preSolution
		HideSolutionNode = FALSE
	EndGlobalSection
	GlobalSection(ExtensibilityGlobals) = postSolution
		SolutionGuid = {F71B5EFF-3DE7-474D-BB37-AC0DDA6B4A51}
	EndGlobalSection
EndGlobal
